<?xml version="1.0" encoding="utf-8"?>
<Project ToolsVersion="4.0" xmlns="http://schemas.microsoft.com/developer/msbuild/2003">
  <ItemGroup>
    <ClCompile Include="gTest.cpp" />
    <ClCompile Include="pch.cpp" />
  </ItemGroup>
  <ItemGroup>
    <ClInclude Include="pch.h" />
    <ClInclude Include="resource.h" />
  </ItemGroup>
  <ItemGroup>
    <ResourceCompile Include="gtest_MaxRectangle.rc" />
  </ItemGroup>
  <ItemGroup>
    <None Include="packages.config" />
  </ItemGroup>
  <ItemGroup>
    <Filter Include="Resource Files">
      <UniqueIdentifier>{e67922a5-d34c-4a28-82d2-2a7eefc2d896}</UniqueIdentifier>
    </Filter>
  </ItemGroup>
  <ItemGroup>
    <Text Include="bigger.txt">
      <Filter>Resource Files</Filter>
    </Text>
    <Text Include="huge.txt">
      <Filter>Resource Files</Filter>
    </Text>
    <Text Include="huge_random.txt">
      <Filter>Resource Files</Filter>
    </Text>
    <Text Include="tests.txt">
      <Filter>Resource Files</Filter>
    </Text>
  </ItemGroup>
</Project>